
Microsoft Visual Studio Solution File, Format Version 12.00
# Visual Studio 15
Project("{FAE04EC0-301F-11D3-BF4B-00C04F79EFBC}") = "Assembly-CSharp", "Assembly-CSharp.csproj", "{864F921C-491A-63B8-C609-40F4D205FA0E}"
EndProject
Global
	GlobalSection(SolutionConfigurationPlatforms) = preSolution
		Debug|Any CPU = Debug|Any CPU
		Release|Any CPU = Release|Any CPU
	EndGlobalSection
	GlobalSection(ProjectConfigurationPlatforms) = postSolution
		{864F921C-491A-63B8-C609-40F4D205FA0E}.Debug|Any CPU.ActiveCfg = Debug|Any CPU
		{864F921C-491A-63B8-C609-40F4D205FA0E}.Debug|Any CPU.Build.0 = Debug|Any CPU
		{864F921C-491A-63B8-C609-40F4D205FA0E}.Release|Any CPU.ActiveCfg = Release|Any CPU
		{864F921C-491A-63B8-C609-40F4D205FA0E}.Release|Any CPU.Build.0 = Release|Any CPU
	EndGlobalSection
	GlobalSection(SolutionProperties) = preSolution
		HideSolutionNode = FALSE
	EndGlobalSection
EndGlobal
